
Microsoft Visual Studio Solution File, Format Version 12.00
# Visual Studio Version 17
VisualStudioVersion = 17.14.36518.9 d17.14
MinimumVisualStudioVersion = 10.0.40219.1
Project("{FAE04EC0-301F-11D3-BF4B-00C04F79EFBC}") = "Zork", "Zork\Zork.csproj", "{DB86CDBF-38E5-4AEC-AFF8-862C1D54CC1D}"
EndProject
Global
	GlobalSection(SolutionConfigurationPlatforms) = preSolution
		Debug|Any CPU = Debug|Any CPU
		Release|Any CPU = Release|Any CPU
	EndGlobalSection
	GlobalSection(ProjectConfigurationPlatforms) = postSolution
		{DB86CDBF-38E5-4AEC-AFF8-862C1D54CC1D}.Debug|Any CPU.ActiveCfg = Debug|Any CPU
		{DB86CDBF-38E5-4AEC-AFF8-862C1D54CC1D}.Debug|Any CPU.Build.0 = Debug|Any CPU
		{DB86CDBF-38E5-4AEC-AFF8-862C1D54CC1D}.Release|Any CPU.ActiveCfg = Release|Any CPU
		{DB86CDBF-38E5-4AEC-AFF8-862C1D54CC1D}.Release|Any CPU.Build.0 = Release|Any CPU
	EndGlobalSection
	GlobalSection(SolutionProperties) = preSolution
		HideSolutionNode = FALSE
	EndGlobalSection
	GlobalSection(ExtensibilityGlobals) = postSolution
		SolutionGuid = {F4FC1211-6607-40DB-A77D-46E9DB063511}
	EndGlobalSection
EndGlobal
